
Microsoft Visual Studio Solution File, Format Version 12.00
# Visual Studio 14
VisualStudioVersion = 14.0.25420.1
MinimumVisualStudioVersion = 10.0.40219.1
Project("{FAE04EC0-301F-11D3-BF4B-00C04F79EFBC}") = "WcfService1", "WcfService1\WcfService1.csproj", "{9A1E8A01-0C90-42D4-8C1D-B95A2CC4F35A}"
EndProject
Project("{FAE04EC0-301F-11D3-BF4B-00C04F79EFBC}") = "HelloServiceHost", "HelloServiceHost\HelloServiceHost.csproj", "{D7CEA622-6F3B-46EC-9CF8-F5F875F71730}"
EndProject
Global
	GlobalSection(SolutionConfigurationPlatforms) = preSolution
		Debug|Any CPU = Debug|Any CPU
		Release|Any CPU = Release|Any CPU
	EndGlobalSection
	GlobalSection(ProjectConfigurationPlatforms) = postSolution
		{9A1E8A01-0C90-42D4-8C1D-B95A2CC4F35A}.Debug|Any CPU.ActiveCfg = Debug|Any CPU
		{9A1E8A01-0C90-42D4-8C1D-B95A2CC4F35A}.Debug|Any CPU.Build.0 = Debug|Any CPU
		{9A1E8A01-0C90-42D4-8C1D-B95A2CC4F35A}.Release|Any CPU.ActiveCfg = Release|Any CPU
		{9A1E8A01-0C90-42D4-8C1D-B95A2CC4F35A}.Release|Any CPU.Build.0 = Release|Any CPU
		{D7CEA622-6F3B-46EC-9CF8-F5F875F71730}.Debug|Any CPU.ActiveCfg = Debug|Any CPU
		{D7CEA622-6F3B-46EC-9CF8-F5F875F71730}.Debug|Any CPU.Build.0 = Debug|Any CPU
		{D7CEA622-6F3B-46EC-9CF8-F5F875F71730}.Release|Any CPU.ActiveCfg = Release|Any CPU
		{D7CEA622-6F3B-46EC-9CF8-F5F875F71730}.Release|Any CPU.Build.0 = Release|Any CPU
	EndGlobalSection
	GlobalSection(SolutionProperties) = preSolution
		HideSolutionNode = FALSE
	EndGlobalSection
EndGlobal
